{
  "version": 4,
  "terraform_version": "1.12.0",
  "serial": 4,
  "lineage": "468ceb8d-bdef-0336-c11c-7a8212c5e2bf",
  "outputs": {},
  "resources": [
    {
      "mode": "data",
      "type": "vsphere_datacenter",
      "name": "dc",
      "provider": "provider[\"registry.terraform.io/vmware/vsphere\"]",
      "instances": [
        {
          "schema_version": 0,
          "attributes": {
            "id": "datacenter-1001",
            "name": "HomeLab",
            "virtual_machines": [
              "Server_Template_1"
            ]
          },
          "sensitive_attributes": [],
          "identity_schema_version": 0
        }
      ]
    },
    {
      "mode": "data",
      "type": "vsphere_datastore",
      "name": "ds",
      "provider": "provider[\"registry.terraform.io/vmware/vsphere\"]",
      "instances": [
        {
          "schema_version": 0,
          "attributes": {
            "datacenter_id": "datacenter-1001",
            "id": "datastore-1009",
            "name": "datastore1",
            "stats": {
              "capacity": "130728067072",
              "free": "64792559616"
            }
          },
          "sensitive_attributes": [],
          "identity_schema_version": 0
        }
      ]
    },
    {
      "mode": "data",
      "type": "vsphere_host",
      "name": "esxi",
      "provider": "provider[\"registry.terraform.io/vmware/vsphere\"]",
      "instances": [
        {
          "schema_version": 0,
          "attributes": {
            "datacenter_id": "datacenter-1001",
            "id": "host-1006",
            "name": "192.168.100.11",
            "resource_pool_id": "resgroup-1008"
          },
          "sensitive_attributes": [],
          "identity_schema_version": 0
        }
      ]
    },
    {
      "mode": "data",
      "type": "vsphere_network",
      "name": "net",
      "provider": "provider[\"registry.terraform.io/vmware/vsphere\"]",
      "instances": []
    },
    {
      "mode": "data",
      "type": "vsphere_resource_pool",
      "name": "pool",
      "provider": "provider[\"registry.terraform.io/vmware/vsphere\"]",
      "instances": [
        {
          "schema_version": 0,
          "attributes": {
            "datacenter_id": "datacenter-1001",
            "id": "resgroup-1008",
            "name": "192.168.100.11/Resources"
          },
          "sensitive_attributes": [],
          "identity_schema_version": 0
        }
      ]
    },
    {
      "mode": "data",
      "type": "vsphere_virtual_machine",
      "name": "template",
      "provider": "provider[\"registry.terraform.io/vmware/vsphere\"]",
      "instances": [
        {
          "schema_version": 0,
          "attributes": {
            "alternate_guest_name": "",
            "annotation": "",
            "boot_delay": 0,
            "boot_retry_delay": 10000,
            "boot_retry_enabled": false,
            "change_version": "2025-05-28T19:09:55.857072Z",
            "cpu_hot_add_enabled": true,
            "cpu_hot_remove_enabled": false,
            "cpu_limit": -1,
            "cpu_performance_counters_enabled": false,
            "cpu_reservation": 0,
            "cpu_share_count": 1000,
            "cpu_share_level": "normal",
            "datacenter_id": "datacenter-1001",
            "default_ip_address": null,
            "disks": [
              {
                "eagerly_scrub": false,
                "label": "Hard disk 1",
                "size": 60,
                "thin_provisioned": false,
                "unit_number": 0
              }
            ],
            "efi_secure_boot_enabled": false,
            "enable_disk_uuid": true,
            "enable_logging": true,
            "ept_rvi_mode": "",
            "extra_config": {},
            "extra_config_reboot_required": true,
            "firmware": "efi",
            "folder": null,
            "guest_id": "windows2022srvNext_64Guest",
            "guest_ip_addresses": [],
            "hardware_version": 20,
            "hv_mode": "",
            "id": "423ef8f5-d23d-50bf-ea0e-28d1a7aa63d2",
            "ide_controller_scan_count": 2,
            "instance_uuid": "503e1c02-68ba-96ac-fb82-1d9a2d1ba1c2",
            "latency_sensitivity": "normal",
            "memory": 2048,
            "memory_hot_add_enabled": true,
            "memory_limit": -1,
            "memory_reservation": 0,
            "memory_reservation_locked_to_max": false,
            "memory_share_count": 20480,
            "memory_share_level": "normal",
            "moid": "vm-3004",
            "name": "Server_Template_1",
            "nested_hv_enabled": false,
            "network_interface_types": [
              "e1000e"
            ],
            "network_interfaces": [
              {
                "adapter_type": "e1000e",
                "bandwidth_limit": -1,
                "bandwidth_reservation": 0,
                "bandwidth_share_count": 50,
                "bandwidth_share_level": "normal",
                "mac_address": "00:50:56:be:b7:4b",
                "network_id": "network-1010",
                "physical_function": ""
              }
            ],
            "num_cores_per_socket": 1,
            "num_cpus": 1,
            "nvme_controller_scan_count": 1,
            "replace_trigger": null,
            "run_tools_scripts_after_power_on": true,
            "run_tools_scripts_after_resume": true,
            "run_tools_scripts_before_guest_reboot": false,
            "run_tools_scripts_before_guest_shutdown": true,
            "run_tools_scripts_before_guest_standby": true,
            "sata_controller_scan_count": 0,
            "scsi_bus_sharing": "unknown",
            "scsi_controller_scan_count": 1,
            "scsi_type": "unknown",
            "storage_policy_id": null,
            "swap_placement_policy": "inherit",
            "sync_time_with_host": true,
            "sync_time_with_host_periodically": false,
            "tools_upgrade_policy": "manual",
            "uuid": "423ef8f5-d23d-50bf-ea0e-28d1a7aa63d2",
            "vapp": null,
            "vapp_transport": [],
            "vbs_enabled": false,
            "vtpm": false,
            "vvtd_enabled": false
          },
          "sensitive_attributes": [],
          "identity_schema_version": 0
        }
      ]
    },
    {
      "mode": "managed",
      "type": "vsphere_host_port_group",
      "name": "lab_net",
      "provider": "provider[\"registry.terraform.io/vmware/vsphere\"]",
      "instances": [
        {
          "schema_version": 0,
          "attributes": {
            "active_nics": null,
            "allow_forged_transmits": null,
            "allow_mac_changes": null,
            "allow_promiscuous": null,
            "check_beacon": null,
            "computed_policy": {
              "active_nics.#": "1",
              "active_nics.0": "vmnic0",
              "allow_forged_transmits": "false",
              "allow_mac_changes": "false",
              "allow_promiscuous": "false",
              "check_beacon": "false",
              "failback": "true",
              "notify_switches": "true",
              "shaping_average_bandwidth": "0",
              "shaping_burst_size": "0",
              "shaping_enabled": "false",
              "shaping_peak_bandwidth": "0",
              "standby_nics.#": "0",
              "teaming_policy": "loadbalance_srcid"
            },
            "failback": null,
            "host_system_id": "host-1006",
            "id": "tf-HostPortGroup:host-1006:LabNetwork",
            "key": "key-vim.host.PortGroup-LabNetwork",
            "name": "LabNetwork",
            "notify_switches": null,
            "ports": [],
            "shaping_average_bandwidth": 0,
            "shaping_burst_size": 0,
            "shaping_enabled": null,
            "shaping_peak_bandwidth": 0,
            "standby_nics": null,
            "teaming_policy": "",
            "virtual_switch_name": "vSwitch0",
            "vlan_id": 0
          },
          "sensitive_attributes": [],
          "identity_schema_version": 0,
          "private": "bnVsbA==",
          "dependencies": [
            "data.vsphere_datacenter.dc",
            "data.vsphere_host.esxi"
          ]
        }
      ]
    }
  ],
  "check_results": null
}
